
Microsoft Visual Studio Solution File, Format Version 11.00
# Visual Studio 2010
Project("{FAE04EC0-301F-11D3-BF4B-00C04F79EFBC}") = "BeerMetricsIOSClient", "BeerMetricsIOSClient\BeerMetricsIOSClient.csproj", "{15E9F403-C29B-4754-A18E-8E471354A64B}"
EndProject
Project("{FAE04EC0-301F-11D3-BF4B-00C04F79EFBC}") = "BeerMetricsGeneralLibrary_ios", "BeerMetricsGeneralLibrary\BeerMetricsGeneralLibrary_ios.csproj", "{4AFD8170-F71C-4636-943A-615E54031AE5}"
EndProject
Project("{FAE04EC0-301F-11D3-BF4B-00C04F79EFBC}") = "BeerMetricsGeneralMobile_ios", "BeerMetricsGeneralMobile\BeerMetricsGeneralMobile_ios.csproj", "{26A5976C-3CBA-436F-A57E-64FFA47E68C4}"
EndProject
Global
	GlobalSection(SolutionConfigurationPlatforms) = preSolution
		Debug|iPhoneSimulator = Debug|iPhoneSimulator
		Release|iPhoneSimulator = Release|iPhoneSimulator
		Debug|iPhone = Debug|iPhone
		Release|iPhone = Release|iPhone
		Ad-Hoc|iPhone = Ad-Hoc|iPhone
		AppStore|iPhone = AppStore|iPhone
	EndGlobalSection
	GlobalSection(ProjectConfigurationPlatforms) = postSolution
		{15E9F403-C29B-4754-A18E-8E471354A64B}.Ad-Hoc|iPhone.ActiveCfg = Ad-Hoc|iPhone
		{15E9F403-C29B-4754-A18E-8E471354A64B}.Ad-Hoc|iPhone.Build.0 = Ad-Hoc|iPhone
		{15E9F403-C29B-4754-A18E-8E471354A64B}.AppStore|iPhone.ActiveCfg = AppStore|iPhone
		{15E9F403-C29B-4754-A18E-8E471354A64B}.AppStore|iPhone.Build.0 = AppStore|iPhone
		{15E9F403-C29B-4754-A18E-8E471354A64B}.Debug|iPhone.ActiveCfg = Debug|iPhone
		{15E9F403-C29B-4754-A18E-8E471354A64B}.Debug|iPhone.Build.0 = Debug|iPhone
		{15E9F403-C29B-4754-A18E-8E471354A64B}.Debug|iPhoneSimulator.ActiveCfg = Debug|iPhoneSimulator
		{15E9F403-C29B-4754-A18E-8E471354A64B}.Debug|iPhoneSimulator.Build.0 = Debug|iPhoneSimulator
		{15E9F403-C29B-4754-A18E-8E471354A64B}.Release|iPhone.ActiveCfg = Release|iPhone
		{15E9F403-C29B-4754-A18E-8E471354A64B}.Release|iPhone.Build.0 = Release|iPhone
		{15E9F403-C29B-4754-A18E-8E471354A64B}.Release|iPhoneSimulator.ActiveCfg = Release|iPhoneSimulator
		{15E9F403-C29B-4754-A18E-8E471354A64B}.Release|iPhoneSimulator.Build.0 = Release|iPhoneSimulator
		{26A5976C-3CBA-436F-A57E-64FFA47E68C4}.Ad-Hoc|iPhone.ActiveCfg = Release|Any CPU
		{26A5976C-3CBA-436F-A57E-64FFA47E68C4}.Ad-Hoc|iPhone.Build.0 = Release|Any CPU
		{26A5976C-3CBA-436F-A57E-64FFA47E68C4}.AppStore|iPhone.ActiveCfg = Release|Any CPU
		{26A5976C-3CBA-436F-A57E-64FFA47E68C4}.AppStore|iPhone.Build.0 = Release|Any CPU
		{26A5976C-3CBA-436F-A57E-64FFA47E68C4}.Debug|iPhone.ActiveCfg = Debug|Any CPU
		{26A5976C-3CBA-436F-A57E-64FFA47E68C4}.Debug|iPhone.Build.0 = Debug|Any CPU
		{26A5976C-3CBA-436F-A57E-64FFA47E68C4}.Debug|iPhoneSimulator.ActiveCfg = Debug|Any CPU
		{26A5976C-3CBA-436F-A57E-64FFA47E68C4}.Debug|iPhoneSimulator.Build.0 = Debug|Any CPU
		{26A5976C-3CBA-436F-A57E-64FFA47E68C4}.Release|iPhone.ActiveCfg = Release|Any CPU
		{26A5976C-3CBA-436F-A57E-64FFA47E68C4}.Release|iPhone.Build.0 = Release|Any CPU
		{26A5976C-3CBA-436F-A57E-64FFA47E68C4}.Release|iPhoneSimulator.ActiveCfg = Release|Any CPU
		{26A5976C-3CBA-436F-A57E-64FFA47E68C4}.Release|iPhoneSimulator.Build.0 = Release|Any CPU
		{4AFD8170-F71C-4636-943A-615E54031AE5}.Ad-Hoc|iPhone.ActiveCfg = Release|Any CPU
		{4AFD8170-F71C-4636-943A-615E54031AE5}.Ad-Hoc|iPhone.Build.0 = Release|Any CPU
		{4AFD8170-F71C-4636-943A-615E54031AE5}.AppStore|iPhone.ActiveCfg = Release|Any CPU
		{4AFD8170-F71C-4636-943A-615E54031AE5}.AppStore|iPhone.Build.0 = Release|Any CPU
		{4AFD8170-F71C-4636-943A-615E54031AE5}.Debug|iPhone.ActiveCfg = Debug|Any CPU
		{4AFD8170-F71C-4636-943A-615E54031AE5}.Debug|iPhone.Build.0 = Debug|Any CPU
		{4AFD8170-F71C-4636-943A-615E54031AE5}.Debug|iPhoneSimulator.ActiveCfg = Debug|Any CPU
		{4AFD8170-F71C-4636-943A-615E54031AE5}.Debug|iPhoneSimulator.Build.0 = Debug|Any CPU
		{4AFD8170-F71C-4636-943A-615E54031AE5}.Release|iPhone.ActiveCfg = Release|Any CPU
		{4AFD8170-F71C-4636-943A-615E54031AE5}.Release|iPhone.Build.0 = Release|Any CPU
		{4AFD8170-F71C-4636-943A-615E54031AE5}.Release|iPhoneSimulator.ActiveCfg = Release|Any CPU
		{4AFD8170-F71C-4636-943A-615E54031AE5}.Release|iPhoneSimulator.Build.0 = Release|Any CPU
	EndGlobalSection
	GlobalSection(MonoDevelopProperties) = preSolution
		StartupItem = BeerMetricsIOSClient\BeerMetricsIOSClient.csproj
	EndGlobalSection
EndGlobal
